
Microsoft Visual Studio Solution File, Format Version 12.00
# Visual Studio Version 17
VisualStudioVersion = 17.6.33829.357
MinimumVisualStudioVersion = 10.0.40219.1
Project("{9A19103F-16F7-4668-BE54-9A1E7A4F7556}") = "ImageAPI", "ImageAPI.csproj", "{772474F8-F7FB-4FA5-A7F4-1396FF9B05BF}"
EndProject
Project("{9A19103F-16F7-4668-BE54-9A1E7A4F7556}") = "MetaDataAPI", "..\MetaDataAPI\MetaDataAPI.csproj", "{D5C79C1C-62D5-49C2-8AEB-92121A354C33}"
EndProject
Global
	GlobalSection(SolutionConfigurationPlatforms) = preSolution
		Debug|Any CPU = Debug|Any CPU
		Release|Any CPU = Release|Any CPU
	EndGlobalSection
	GlobalSection(ProjectConfigurationPlatforms) = postSolution
		{772474F8-F7FB-4FA5-A7F4-1396FF9B05BF}.Debug|Any CPU.ActiveCfg = Debug|Any CPU
		{772474F8-F7FB-4FA5-A7F4-1396FF9B05BF}.Debug|Any CPU.Build.0 = Debug|Any CPU
		{772474F8-F7FB-4FA5-A7F4-1396FF9B05BF}.Release|Any CPU.ActiveCfg = Release|Any CPU
		{772474F8-F7FB-4FA5-A7F4-1396FF9B05BF}.Release|Any CPU.Build.0 = Release|Any CPU
		{D5C79C1C-62D5-49C2-8AEB-92121A354C33}.Debug|Any CPU.ActiveCfg = Debug|Any CPU
		{D5C79C1C-62D5-49C2-8AEB-92121A354C33}.Debug|Any CPU.Build.0 = Debug|Any CPU
		{D5C79C1C-62D5-49C2-8AEB-92121A354C33}.Release|Any CPU.ActiveCfg = Release|Any CPU
		{D5C79C1C-62D5-49C2-8AEB-92121A354C33}.Release|Any CPU.Build.0 = Release|Any CPU
	EndGlobalSection
	GlobalSection(SolutionProperties) = preSolution
		HideSolutionNode = FALSE
	EndGlobalSection
	GlobalSection(ExtensibilityGlobals) = postSolution
		SolutionGuid = {1ABE94B3-AC28-41A1-9950-4C78E34BA1F1}
	EndGlobalSection
EndGlobal
